<?xml version="1.0" encoding="UTF-8" standalone="yes" ?>
<CodeBlocks_project_file>
	<FileVersion major="1" minor="6" />
	<Project>
		<Option title="SFML- Space Shooter" />
		<Option pch_mode="2" />
		<Option compiler="gcc" />
		<Build>
			<Target title="Debug">
				<Option output="bin/Debug/Bit Wing" prefix_auto="1" extension_auto="1" />
				<Option object_output="obj/Debug/" />
				<Option type="1" />
				<Option compiler="gcc" />
				<Compiler>
					<Add option="-std=c++11" />
					<Add option="-g" />
					<Add option="-DSFML_STATIC" />
					<Add directory="C:/Users/Frank/Dropbox/Programs/C++/SFML- Space Shooter/include" />
				</Compiler>
				<Linker>
					<Add library="C:\SFML-2.1\lib\libsfml-graphics-s-d.a" />
					<Add library="C:\SFML-2.1\lib\libsfml-window-s-d.a" />
					<Add library="C:\SFML-2.1\lib\libsfml-audio-s-d.a" />
					<Add library="C:\SFML-2.1\lib\libsfml-system-s-d.a" />
				</Linker>
			</Target>
			<Target title="Release">
				<Option output="bin/Release/Bit Wing" prefix_auto="1" extension_auto="1" />
				<Option object_output="obj/Release/" />
				<Option type="1" />
				<Option compiler="gcc" />
				<Compiler>
					<Add option="-O3" />
					<Add option="-std=c++11" />
					<Add option="-DSFML_STATIC" />
					<Add directory="include" />
				</Compiler>
				<Linker>
					<Add option="-s" />
					<Add library="C:\SFML-2.1\lib\libsfml-graphics-s-d.a" />
					<Add library="C:\SFML-2.1\lib\libsfml-window-s-d.a" />
					<Add library="C:\SFML-2.1\lib\libsfml-audio-s-d.a" />
					<Add library="C:\SFML-2.1\lib\libsfml-system-s-d.a" />
				</Linker>
			</Target>
		</Build>
		<Compiler>
			<Add option="-Wall" />
			<Add option="-fexceptions" />
		</Compiler>
		<Unit filename="Changelog.txt" />
		<Unit filename="README.txt" />
		<Unit filename="bin/icon.ico" />
		<Unit filename="bin/resources.rc">
			<Option compilerVar="WINDRES" />
		</Unit>
		<Unit filename="include/Asteroid.h" />
		<Unit filename="include/Enemy.h" />
		<Unit filename="include/Explosion.h" />
		<Unit filename="include/Game.h" />
		<Unit filename="include/Missile.h" />
		<Unit filename="include/Player.h" />
		<Unit filename="include/Settings.h" />
		<Unit filename="include/Smoke.h" />
		<Unit filename="include/SpriteEntity.h" />
		<Unit filename="include/Star.h" />
		<Unit filename="include/Store.h" />
		<Unit filename="include/TextEntity.h" />
		<Unit filename="main.cpp" />
		<Unit filename="src/Asteroid.cpp" />
		<Unit filename="src/Enemy.cpp" />
		<Unit filename="src/Explosion.cpp" />
		<Unit filename="src/Game.cpp" />
		<Unit filename="src/Missile.cpp" />
		<Unit filename="src/Player.cpp" />
		<Unit filename="src/Settings.cpp" />
		<Unit filename="src/Smoke.cpp" />
		<Unit filename="src/SpriteEntity.cpp" />
		<Unit filename="src/Star.cpp" />
		<Unit filename="src/Store.cpp" />
		<Unit filename="src/TextEntity.cpp" />
		<Extensions>
			<code_completion />
			<envvars />
			<debugger />
			<lib_finder disable_auto="1" />
		</Extensions>
	</Project>
</CodeBlocks_project_file>
